PODS:
  - PhenixSdk (2021.0.0-beta)
  - SwiftLint (0.42.0)

DEPENDENCIES:
  - PhenixSdk (= 2021.0.0-beta)
  - SwiftLint (~> 0.42.0)

SPEC REPOS:
  "git@github.com:PhenixRTS/CocoaPodsSpecs.git":
    - PhenixSdk
  trunk:
    - SwiftLint

SPEC CHECKSUMS:
  PhenixSdk: 04a2b6a6bf3316ad9a3cca816809385bb56c80a8
  SwiftLint: 4fa9579c63416865179bc416f0a92d55f009600d

PODFILE CHECKSUM: c7a90b7da44c998590a8e98a23d4de5be6aebd66

COCOAPODS: 1.10.0
