PODS:
  - PhenixDeeplink (0.1.0)
  - PhenixSdk (2021.0.15)
  - SwiftLint (0.42.0)

DEPENDENCIES:
  - PhenixDeeplink (from `../PhenixDeeplink`)
  - PhenixSdk (= 2021.0.15)
  - SwiftLint (~> 0.42.0)

SPEC REPOS:
  "git@github.com:PhenixRTS/CocoaPodsSpecs.git":
    - PhenixSdk
  trunk:
    - SwiftLint

EXTERNAL SOURCES:
  PhenixDeeplink:
    :path: "../PhenixDeeplink"

SPEC CHECKSUMS:
  PhenixDeeplink: afff8774bd397ba31b0244c84fc722efbe4e0ccc
  PhenixSdk: 32bebeb6944480d87b9a66c92da543c4a08c75c8
  SwiftLint: 4fa9579c63416865179bc416f0a92d55f009600d

PODFILE CHECKSUM: 2a006708c990710a21b179c5ce9c04103efc77b2

COCOAPODS: 1.10.0
