PODS:
  - PhenixSdk (2021.0.1-beta)
  - SwiftLint (0.42.0)

DEPENDENCIES:
  - PhenixSdk (= 2021.0.1-beta)
  - SwiftLint (~> 0.42.0)

SPEC REPOS:
  "git@github.com:PhenixRTS/CocoaPodsSpecs.git":
    - PhenixSdk
  trunk:
    - SwiftLint

SPEC CHECKSUMS:
  PhenixSdk: d52f35d5ff551e4a86b64ddc6d59495d605c1796
  SwiftLint: 4fa9579c63416865179bc416f0a92d55f009600d

PODFILE CHECKSUM: 7f1051e331f4379ea53f3b73eeb24f0a61e6c2ad

COCOAPODS: 1.10.0
