// !$*UTF8*$!
{
	archiveVersion = 1;
	classes = {
	};
	objectVersion = 54;
	objects = {

/* Begin PBXBuildFile section */
		480F4862280809EB00DC6858 /* AppSession.swift in Sources */ = {isa = PBXBuildFile; fileRef = 480F4861280809EB00DC6858 /* AppSession.swift */; };
		480F486428080A1200DC6858 /* Bootstrap.swift in Sources */ = {isa = PBXBuildFile; fileRef = 480F486328080A1200DC6858 /* Bootstrap.swift */; };
		480F4866280812EE00DC6858 /* UIViewController+TopViewController.swift in Sources */ = {isa = PBXBuildFile; fileRef = 480F4865280812EE00DC6858 /* UIViewController+TopViewController.swift */; };
		480F48692808133600DC6858 /* Act.swift in Sources */ = {isa = PBXBuildFile; fileRef = 480F48682808133600DC6858 /* Act.swift */; };
		480F487A280817DD00DC6858 /* StreamViewController.swift in Sources */ = {isa = PBXBuildFile; fileRef = 480F486C280817DD00DC6858 /* StreamViewController.swift */; };
		480F487B280817DD00DC6858 /* StreamView.swift in Sources */ = {isa = PBXBuildFile; fileRef = 480F486D280817DD00DC6858 /* StreamView.swift */; };
		480F487C280817DD00DC6858 /* StreamViewModel.swift in Sources */ = {isa = PBXBuildFile; fileRef = 480F486E280817DD00DC6858 /* StreamViewModel.swift */; };
		480F487D280817DD00DC6858 /* StreamViewDelegate.swift in Sources */ = {isa = PBXBuildFile; fileRef = 480F486F280817DD00DC6858 /* StreamViewDelegate.swift */; };
		480F487E280817DD00DC6858 /* StreamCollectionViewModel.swift in Sources */ = {isa = PBXBuildFile; fileRef = 480F4871280817DD00DC6858 /* StreamCollectionViewModel.swift */; };
		480F487F280817DD00DC6858 /* StreamCollectionViewCellViewModel.swift in Sources */ = {isa = PBXBuildFile; fileRef = 480F4873280817DD00DC6858 /* StreamCollectionViewCellViewModel.swift */; };
		480F4880280817DD00DC6858 /* StreamCollectionViewLayoutProvider.swift in Sources */ = {isa = PBXBuildFile; fileRef = 480F4874280817DD00DC6858 /* StreamCollectionViewLayoutProvider.swift */; };
		480F4881280817DD00DC6858 /* StreamCollectionViewDataSource.swift in Sources */ = {isa = PBXBuildFile; fileRef = 480F4875280817DD00DC6858 /* StreamCollectionViewDataSource.swift */; };
		480F4882280817DD00DC6858 /* StreamCollectionViewCell.swift in Sources */ = {isa = PBXBuildFile; fileRef = 480F4876280817DD00DC6858 /* StreamCollectionViewCell.swift */; };
		480F4883280817DD00DC6858 /* StreamCollectionViewDelegate.swift in Sources */ = {isa = PBXBuildFile; fileRef = 480F4877280817DD00DC6858 /* StreamCollectionViewDelegate.swift */; };
		480F4884280817DD00DC6858 /* StreamCollectionView.swift in Sources */ = {isa = PBXBuildFile; fileRef = 480F4878280817DD00DC6858 /* StreamCollectionView.swift */; };
		480F4885280817DD00DC6858 /* StreamCollectionViewController.swift in Sources */ = {isa = PBXBuildFile; fileRef = 480F4879280817DD00DC6858 /* StreamCollectionViewController.swift */; };
		480F489228084A7200DC6858 /* LaunchScreenImitation.storyboard in Resources */ = {isa = PBXBuildFile; fileRef = 480F489128084A7200DC6858 /* LaunchScreenImitation.storyboard */; };
		B591328E24E3D58600A5B7D1 /* AppDelegate.swift in Sources */ = {isa = PBXBuildFile; fileRef = B591328D24E3D58600A5B7D1 /* AppDelegate.swift */; };
		B591329524E3D58600A5B7D1 /* Main.storyboard in Resources */ = {isa = PBXBuildFile; fileRef = B591329324E3D58600A5B7D1 /* Main.storyboard */; };
		B591329724E3D58800A5B7D1 /* Assets.xcassets in Resources */ = {isa = PBXBuildFile; fileRef = B591329624E3D58800A5B7D1 /* Assets.xcassets */; };
		B591329A24E3D58800A5B7D1 /* LaunchScreen.storyboard in Resources */ = {isa = PBXBuildFile; fileRef = B591329824E3D58800A5B7D1 /* LaunchScreen.storyboard */; };
		B59132EC24E3F46000A5B7D1 /* OSLog.swift in Sources */ = {isa = PBXBuildFile; fileRef = B59132EB24E3F46000A5B7D1 /* OSLog.swift */; };
		B59132EF24E3F4A800A5B7D1 /* LaunchViewController.swift in Sources */ = {isa = PBXBuildFile; fileRef = B59132EE24E3F4A800A5B7D1 /* LaunchViewController.swift */; };
		B59132F124E3F4B800A5B7D1 /* Storyboarded.swift in Sources */ = {isa = PBXBuildFile; fileRef = B59132F024E3F4B800A5B7D1 /* Storyboarded.swift */; };
		B59132F324E3F52500A5B7D1 /* Colors.xcassets in Resources */ = {isa = PBXBuildFile; fileRef = B59132F224E3F52500A5B7D1 /* Colors.xcassets */; };
		BF847440719DB46F6B1F64B6 /* Pods_PhenixMultiAngleOnDemand.framework in Frameworks */ = {isa = PBXBuildFile; fileRef = DDA7840CC80E926922BCCC8A /* Pods_PhenixMultiAngleOnDemand.framework */; };
/* End PBXBuildFile section */

/* Begin PBXCopyFilesBuildPhase section */
		B59132B824E3D7E200A5B7D1 /* Embed Frameworks */ = {
			isa = PBXCopyFilesBuildPhase;
			buildActionMask = 2147483647;
			dstPath = "";
			dstSubfolderSpec = 10;
			files = (
			);
			name = "Embed Frameworks";
			runOnlyForDeploymentPostprocessing = 0;
		};
/* End PBXCopyFilesBuildPhase section */

/* Begin PBXFileReference section */
		1F1B96DCA78255F5AE723715 /* Pods_PhenixClosedCaptions.framework */ = {isa = PBXFileReference; explicitFileType = wrapper.framework; includeInIndex = 0; path = Pods_PhenixClosedCaptions.framework; sourceTree = BUILT_PRODUCTS_DIR; };
		480F4861280809EB00DC6858 /* AppSession.swift */ = {isa = PBXFileReference; lastKnownFileType = sourcecode.swift; path = AppSession.swift; sourceTree = "<group>"; };
		480F486328080A1200DC6858 /* Bootstrap.swift */ = {isa = PBXFileReference; lastKnownFileType = sourcecode.swift; path = Bootstrap.swift; sourceTree = "<group>"; };
		480F4865280812EE00DC6858 /* UIViewController+TopViewController.swift */ = {isa = PBXFileReference; fileEncoding = 4; lastKnownFileType = sourcecode.swift; path = "UIViewController+TopViewController.swift"; sourceTree = "<group>"; };
		480F48682808133600DC6858 /* Act.swift */ = {isa = PBXFileReference; lastKnownFileType = sourcecode.swift; path = Act.swift; sourceTree = "<group>"; };
		480F486C280817DD00DC6858 /* StreamViewController.swift */ = {isa = PBXFileReference; fileEncoding = 4; lastKnownFileType = sourcecode.swift; path = StreamViewController.swift; sourceTree = "<group>"; };
		480F486D280817DD00DC6858 /* StreamView.swift */ = {isa = PBXFileReference; fileEncoding = 4; lastKnownFileType = sourcecode.swift; path = StreamView.swift; sourceTree = "<group>"; };
		480F486E280817DD00DC6858 /* StreamViewModel.swift */ = {isa = PBXFileReference; fileEncoding = 4; lastKnownFileType = sourcecode.swift; path = StreamViewModel.swift; sourceTree = "<group>"; };
		480F486F280817DD00DC6858 /* StreamViewDelegate.swift */ = {isa = PBXFileReference; fileEncoding = 4; lastKnownFileType = sourcecode.swift; path = StreamViewDelegate.swift; sourceTree = "<group>"; };
		480F4871280817DD00DC6858 /* StreamCollectionViewModel.swift */ = {isa = PBXFileReference; fileEncoding = 4; lastKnownFileType = sourcecode.swift; path = StreamCollectionViewModel.swift; sourceTree = "<group>"; };
		480F4873280817DD00DC6858 /* StreamCollectionViewCellViewModel.swift */ = {isa = PBXFileReference; fileEncoding = 4; lastKnownFileType = sourcecode.swift; path = StreamCollectionViewCellViewModel.swift; sourceTree = "<group>"; };
		480F4874280817DD00DC6858 /* StreamCollectionViewLayoutProvider.swift */ = {isa = PBXFileReference; fileEncoding = 4; lastKnownFileType = sourcecode.swift; path = StreamCollectionViewLayoutProvider.swift; sourceTree = "<group>"; };
		480F4875280817DD00DC6858 /* StreamCollectionViewDataSource.swift */ = {isa = PBXFileReference; fileEncoding = 4; lastKnownFileType = sourcecode.swift; path = StreamCollectionViewDataSource.swift; sourceTree = "<group>"; };
		480F4876280817DD00DC6858 /* StreamCollectionViewCell.swift */ = {isa = PBXFileReference; fileEncoding = 4; lastKnownFileType = sourcecode.swift; path = StreamCollectionViewCell.swift; sourceTree = "<group>"; };
		480F4877280817DD00DC6858 /* StreamCollectionViewDelegate.swift */ = {isa = PBXFileReference; fileEncoding = 4; lastKnownFileType = sourcecode.swift; path = StreamCollectionViewDelegate.swift; sourceTree = "<group>"; };
		480F4878280817DD00DC6858 /* StreamCollectionView.swift */ = {isa = PBXFileReference; fileEncoding = 4; lastKnownFileType = sourcecode.swift; path = StreamCollectionView.swift; sourceTree = "<group>"; };
		480F4879280817DD00DC6858 /* StreamCollectionViewController.swift */ = {isa = PBXFileReference; fileEncoding = 4; lastKnownFileType = sourcecode.swift; path = StreamCollectionViewController.swift; sourceTree = "<group>"; };
		480F489128084A7200DC6858 /* LaunchScreenImitation.storyboard */ = {isa = PBXFileReference; fileEncoding = 4; lastKnownFileType = file.storyboard; path = LaunchScreenImitation.storyboard; sourceTree = "<group>"; };
		7A92E3E1BE9C65B90A6CE2ED /* Pods-PhenixMultiAngle.release.xcconfig */ = {isa = PBXFileReference; includeInIndex = 1; lastKnownFileType = text.xcconfig; name = "Pods-PhenixMultiAngle.release.xcconfig"; path = "Target Support Files/Pods-PhenixMultiAngle/Pods-PhenixMultiAngle.release.xcconfig"; sourceTree = "<group>"; };
		83D9FE197D8C723D3E17B4B2 /* Pods-PhenixMultiAngle.debug.xcconfig */ = {isa = PBXFileReference; includeInIndex = 1; lastKnownFileType = text.xcconfig; name = "Pods-PhenixMultiAngle.debug.xcconfig"; path = "Target Support Files/Pods-PhenixMultiAngle/Pods-PhenixMultiAngle.debug.xcconfig"; sourceTree = "<group>"; };
		B591328A24E3D58600A5B7D1 /* Phenix MultiAngle.app */ = {isa = PBXFileReference; explicitFileType = wrapper.application; includeInIndex = 0; path = "Phenix MultiAngle.app"; sourceTree = BUILT_PRODUCTS_DIR; };
		B591328D24E3D58600A5B7D1 /* AppDelegate.swift */ = {isa = PBXFileReference; lastKnownFileType = sourcecode.swift; path = AppDelegate.swift; sourceTree = "<group>"; };
		B591329424E3D58600A5B7D1 /* Base */ = {isa = PBXFileReference; lastKnownFileType = file.storyboard; name = Base; path = Base.lproj/Main.storyboard; sourceTree = "<group>"; };
		B591329624E3D58800A5B7D1 /* Assets.xcassets */ = {isa = PBXFileReference; lastKnownFileType = folder.assetcatalog; path = Assets.xcassets; sourceTree = "<group>"; };
		B591329924E3D58800A5B7D1 /* Base */ = {isa = PBXFileReference; lastKnownFileType = file.storyboard; name = Base; path = Base.lproj/LaunchScreen.storyboard; sourceTree = "<group>"; };
		B591329B24E3D58800A5B7D1 /* Info.plist */ = {isa = PBXFileReference; lastKnownFileType = text.plist.xml; path = Info.plist; sourceTree = "<group>"; };
		B59132EB24E3F46000A5B7D1 /* OSLog.swift */ = {isa = PBXFileReference; lastKnownFileType = sourcecode.swift; path = OSLog.swift; sourceTree = "<group>"; };
		B59132EE24E3F4A800A5B7D1 /* LaunchViewController.swift */ = {isa = PBXFileReference; fileEncoding = 4; lastKnownFileType = sourcecode.swift; path = LaunchViewController.swift; sourceTree = "<group>"; };
		B59132F024E3F4B800A5B7D1 /* Storyboarded.swift */ = {isa = PBXFileReference; lastKnownFileType = sourcecode.swift; path = Storyboarded.swift; sourceTree = "<group>"; };
		B59132F224E3F52500A5B7D1 /* Colors.xcassets */ = {isa = PBXFileReference; lastKnownFileType = folder.assetcatalog; path = Colors.xcassets; sourceTree = "<group>"; };
		B5AC268A2552D526003E2AEA /* PhenixMultiAngleOnDemand.entitlements */ = {isa = PBXFileReference; lastKnownFileType = text.plist.entitlements; path = PhenixMultiAngleOnDemand.entitlements; sourceTree = "<group>"; };
		BDDB7F36B1E46DA0BA284BB6 /* Pods-PhenixMultiAngleOnDemand.release.xcconfig */ = {isa = PBXFileReference; includeInIndex = 1; lastKnownFileType = text.xcconfig; name = "Pods-PhenixMultiAngleOnDemand.release.xcconfig"; path = "Target Support Files/Pods-PhenixMultiAngleOnDemand/Pods-PhenixMultiAngleOnDemand.release.xcconfig"; sourceTree = "<group>"; };
		DDA7840CC80E926922BCCC8A /* Pods_PhenixMultiAngleOnDemand.framework */ = {isa = PBXFileReference; explicitFileType = wrapper.framework; includeInIndex = 0; path = Pods_PhenixMultiAngleOnDemand.framework; sourceTree = BUILT_PRODUCTS_DIR; };
		ED9C1AB36F2562B2243CF043 /* Pods-PhenixMultiAngleOnDemand.debug.xcconfig */ = {isa = PBXFileReference; includeInIndex = 1; lastKnownFileType = text.xcconfig; name = "Pods-PhenixMultiAngleOnDemand.debug.xcconfig"; path = "Target Support Files/Pods-PhenixMultiAngleOnDemand/Pods-PhenixMultiAngleOnDemand.debug.xcconfig"; sourceTree = "<group>"; };
/* End PBXFileReference section */

/* Begin PBXFrameworksBuildPhase section */
		B591328724E3D58600A5B7D1 /* Frameworks */ = {
			isa = PBXFrameworksBuildPhase;
			buildActionMask = 2147483647;
			files = (
				BF847440719DB46F6B1F64B6 /* Pods_PhenixMultiAngleOnDemand.framework in Frameworks */,
			);
			runOnlyForDeploymentPostprocessing = 0;
		};
/* End PBXFrameworksBuildPhase section */

/* Begin PBXGroup section */
		10DDB7D5B2ADB6C3B10DD26A /* Pods */ = {
			isa = PBXGroup;
			children = (
				83D9FE197D8C723D3E17B4B2 /* Pods-PhenixMultiAngle.debug.xcconfig */,
				7A92E3E1BE9C65B90A6CE2ED /* Pods-PhenixMultiAngle.release.xcconfig */,
				ED9C1AB36F2562B2243CF043 /* Pods-PhenixMultiAngleOnDemand.debug.xcconfig */,
				BDDB7F36B1E46DA0BA284BB6 /* Pods-PhenixMultiAngleOnDemand.release.xcconfig */,
			);
			path = Pods;
			sourceTree = "<group>";
		};
		480F48672808132E00DC6858 /* Models */ = {
			isa = PBXGroup;
			children = (
				480F48682808133600DC6858 /* Act.swift */,
			);
			path = Models;
			sourceTree = "<group>";
		};
		480F486A280817DD00DC6858 /* StreamScene */ = {
			isa = PBXGroup;
			children = (
				480F486B280817DD00DC6858 /* Stream */,
				480F4870280817DD00DC6858 /* StreamCollection */,
			);
			path = StreamScene;
			sourceTree = "<group>";
		};
		480F486B280817DD00DC6858 /* Stream */ = {
			isa = PBXGroup;
			children = (
				480F486D280817DD00DC6858 /* StreamView.swift */,
				480F486C280817DD00DC6858 /* StreamViewController.swift */,
				480F486F280817DD00DC6858 /* StreamViewDelegate.swift */,
				480F486E280817DD00DC6858 /* StreamViewModel.swift */,
			);
			path = Stream;
			sourceTree = "<group>";
		};
		480F4870280817DD00DC6858 /* StreamCollection */ = {
			isa = PBXGroup;
			children = (
				480F4878280817DD00DC6858 /* StreamCollectionView.swift */,
				480F4879280817DD00DC6858 /* StreamCollectionViewController.swift */,
				480F4877280817DD00DC6858 /* StreamCollectionViewDelegate.swift */,
				480F4871280817DD00DC6858 /* StreamCollectionViewModel.swift */,
				480F4872280817DD00DC6858 /* Collection */,
			);
			path = StreamCollection;
			sourceTree = "<group>";
		};
		480F4872280817DD00DC6858 /* Collection */ = {
			isa = PBXGroup;
			children = (
				480F4876280817DD00DC6858 /* StreamCollectionViewCell.swift */,
				480F4873280817DD00DC6858 /* StreamCollectionViewCellViewModel.swift */,
				480F4875280817DD00DC6858 /* StreamCollectionViewDataSource.swift */,
				480F4874280817DD00DC6858 /* StreamCollectionViewLayoutProvider.swift */,
			);
			path = Collection;
			sourceTree = "<group>";
		};
		A5277E3193ACD9585E748886 /* Frameworks */ = {
			isa = PBXGroup;
			children = (
				1F1B96DCA78255F5AE723715 /* Pods_PhenixClosedCaptions.framework */,
				DDA7840CC80E926922BCCC8A /* Pods_PhenixMultiAngleOnDemand.framework */,
			);
			name = Frameworks;
			sourceTree = "<group>";
		};
		B591328124E3D58600A5B7D1 = {
			isa = PBXGroup;
			children = (
				B591328C24E3D58600A5B7D1 /* PhenixMultiAngleOnDemand */,
				B591328B24E3D58600A5B7D1 /* Products */,
				10DDB7D5B2ADB6C3B10DD26A /* Pods */,
				A5277E3193ACD9585E748886 /* Frameworks */,
			);
			sourceTree = "<group>";
		};
		B591328B24E3D58600A5B7D1 /* Products */ = {
			isa = PBXGroup;
			children = (
				B591328A24E3D58600A5B7D1 /* Phenix MultiAngle.app */,
			);
			name = Products;
			sourceTree = "<group>";
		};
		B591328C24E3D58600A5B7D1 /* PhenixMultiAngleOnDemand */ = {
			isa = PBXGroup;
			children = (
				B5AC268A2552D526003E2AEA /* PhenixMultiAngleOnDemand.entitlements */,
				B591328D24E3D58600A5B7D1 /* AppDelegate.swift */,
				480F4861280809EB00DC6858 /* AppSession.swift */,
				480F486328080A1200DC6858 /* Bootstrap.swift */,
				480F48672808132E00DC6858 /* Models */,
				B59132A624E3D65600A5B7D1 /* Resources */,
				B59132A124E3D61800A5B7D1 /* Scenes */,
				B59132A324E3D62C00A5B7D1 /* Support */,
				B59132A424E3D63700A5B7D1 /* UserInterface */,
			);
			path = PhenixMultiAngleOnDemand;
			sourceTree = "<group>";
		};
		B59132A124E3D61800A5B7D1 /* Scenes */ = {
			isa = PBXGroup;
			children = (
				480F486A280817DD00DC6858 /* StreamScene */,
				B59132ED24E3F4A800A5B7D1 /* LaunchScene */,
			);
			path = Scenes;
			sourceTree = "<group>";
		};
		B59132A324E3D62C00A5B7D1 /* Support */ = {
			isa = PBXGroup;
			children = (
				B591329B24E3D58800A5B7D1 /* Info.plist */,
				B59132EB24E3F46000A5B7D1 /* OSLog.swift */,
				B59132F024E3F4B800A5B7D1 /* Storyboarded.swift */,
				480F4865280812EE00DC6858 /* UIViewController+TopViewController.swift */,
			);
			path = Support;
			sourceTree = "<group>";
		};
		B59132A424E3D63700A5B7D1 /* UserInterface */ = {
			isa = PBXGroup;
			children = (
				B591329824E3D58800A5B7D1 /* LaunchScreen.storyboard */,
				480F489128084A7200DC6858 /* LaunchScreenImitation.storyboard */,
				B591329324E3D58600A5B7D1 /* Main.storyboard */,
			);
			path = UserInterface;
			sourceTree = "<group>";
		};
		B59132A624E3D65600A5B7D1 /* Resources */ = {
			isa = PBXGroup;
			children = (
				B591329624E3D58800A5B7D1 /* Assets.xcassets */,
				B59132F224E3F52500A5B7D1 /* Colors.xcassets */,
			);
			path = Resources;
			sourceTree = "<group>";
		};
		B59132ED24E3F4A800A5B7D1 /* LaunchScene */ = {
			isa = PBXGroup;
			children = (
				B59132EE24E3F4A800A5B7D1 /* LaunchViewController.swift */,
			);
			path = LaunchScene;
			sourceTree = "<group>";
		};
/* End PBXGroup section */

/* Begin PBXNativeTarget section */
		B591328924E3D58600A5B7D1 /* PhenixMultiAngleOnDemand */ = {
			isa = PBXNativeTarget;
			buildConfigurationList = B591329E24E3D58800A5B7D1 /* Build configuration list for PBXNativeTarget "PhenixMultiAngleOnDemand" */;
			buildPhases = (
				EA89B036601A5BF76C55EF91 /* [CP] Check Pods Manifest.lock */,
				B591328624E3D58600A5B7D1 /* Sources */,
				B591328724E3D58600A5B7D1 /* Frameworks */,
				B591328824E3D58600A5B7D1 /* Resources */,
				B59132B824E3D7E200A5B7D1 /* Embed Frameworks */,
				D1B2354C64117F6F659BB150 /* [CP] Embed Pods Frameworks */,
				B54CD17924FCE2FA009249D7 /* Static Analysis for Swift using SwiftLint */,
				B54CD17A24FCE335009249D7 /* Catch bad copyrights */,
			);
			buildRules = (
			);
			dependencies = (
			);
			name = PhenixMultiAngleOnDemand;
			productName = PhenixMultiAngle;
			productReference = B591328A24E3D58600A5B7D1 /* Phenix MultiAngle.app */;
			productType = "com.apple.product-type.application";
		};
/* End PBXNativeTarget section */

/* Begin PBXProject section */
		B591328224E3D58600A5B7D1 /* Project object */ = {
			isa = PBXProject;
			attributes = {
				LastSwiftUpdateCheck = 1160;
				LastUpgradeCheck = 1200;
				ORGANIZATIONNAME = "Phenix Real Time Solutions, Inc";
				TargetAttributes = {
					B591328924E3D58600A5B7D1 = {
						CreatedOnToolsVersion = 11.6;
					};
				};
			};
			buildConfigurationList = B591328524E3D58600A5B7D1 /* Build configuration list for PBXProject "PhenixMultiAngleOnDemand" */;
			compatibilityVersion = "Xcode 12.0";
			developmentRegion = en;
			hasScannedForEncodings = 0;
			knownRegions = (
				en,
				Base,
			);
			mainGroup = B591328124E3D58600A5B7D1;
			productRefGroup = B591328B24E3D58600A5B7D1 /* Products */;
			projectDirPath = "";
			projectRoot = "";
			targets = (
				B591328924E3D58600A5B7D1 /* PhenixMultiAngleOnDemand */,
			);
		};
/* End PBXProject section */

/* Begin PBXResourcesBuildPhase section */
		B591328824E3D58600A5B7D1 /* Resources */ = {
			isa = PBXResourcesBuildPhase;
			buildActionMask = 2147483647;
			files = (
				480F489228084A7200DC6858 /* LaunchScreenImitation.storyboard in Resources */,
				B591329A24E3D58800A5B7D1 /* LaunchScreen.storyboard in Resources */,
				B59132F324E3F52500A5B7D1 /* Colors.xcassets in Resources */,
				B591329724E3D58800A5B7D1 /* Assets.xcassets in Resources */,
				B591329524E3D58600A5B7D1 /* Main.storyboard in Resources */,
			);
			runOnlyForDeploymentPostprocessing = 0;
		};
/* End PBXResourcesBuildPhase section */

/* Begin PBXShellScriptBuildPhase section */
		B54CD17924FCE2FA009249D7 /* Static Analysis for Swift using SwiftLint */ = {
			isa = PBXShellScriptBuildPhase;
			alwaysOutOfDate = 1;
			buildActionMask = 2147483647;
			files = (
			);
			inputFileListPaths = (
			);
			inputPaths = (
			);
			name = "Static Analysis for Swift using SwiftLint";
			outputFileListPaths = (
			);
			outputPaths = (
			);
			runOnlyForDeploymentPostprocessing = 0;
			shellPath = /bin/sh;
			shellScript = "\"${PODS_ROOT}/SwiftLint/swiftlint\"\n";
		};
		B54CD17A24FCE335009249D7 /* Catch bad copyrights */ = {
			isa = PBXShellScriptBuildPhase;
			alwaysOutOfDate = 1;
			buildActionMask = 2147483647;
			files = (
			);
			inputFileListPaths = (
			);
			inputPaths = (
			);
			name = "Catch bad copyrights";
			outputFileListPaths = (
			);
			outputPaths = (
			);
			runOnlyForDeploymentPostprocessing = 0;
			shellPath = /bin/sh;
			shellScript = "COPYRIGHT=\"Copyright $(date +\"%Y\") Phenix Real Time Solutions, Inc. Confidential and Proprietary. All rights reserved.\"\n\n# Paths which contains files, which needs to be checked.\nPATH1=\"${SRCROOT}/PhenixMultiAngleOnDemand\"\n\nPATHS=(${PATH1} ${PATH2})\n\nfor i in \"${PATHS[@]}\"\ndo\n   echo \"searching ${i} for ${COPYRIGHT}\"\n   find \"${i}\" \\( -name \"*.h\" -or -name \"*.m\" -or -name \"*.swift\" \\) -print0 \\\n       | xargs -0 egrep --with-filename --files-without-match \"($COPYRIGHT)\" \\\n       | perl -p -e \"s/(.*)$/\\$1: warning: Incorrect or no copyright \\$1/\"\ndone\n";
		};
		D1B2354C64117F6F659BB150 /* [CP] Embed Pods Frameworks */ = {
			isa = PBXShellScriptBuildPhase;
			buildActionMask = 2147483647;
			files = (
			);
			inputFileListPaths = (
				"${PODS_ROOT}/Target Support Files/Pods-PhenixMultiAngleOnDemand/Pods-PhenixMultiAngleOnDemand-frameworks-${CONFIGURATION}-input-files.xcfilelist",
			);
			name = "[CP] Embed Pods Frameworks";
			outputFileListPaths = (
				"${PODS_ROOT}/Target Support Files/Pods-PhenixMultiAngleOnDemand/Pods-PhenixMultiAngleOnDemand-frameworks-${CONFIGURATION}-output-files.xcfilelist",
			);
			runOnlyForDeploymentPostprocessing = 0;
			shellPath = /bin/sh;
			shellScript = "\"${PODS_ROOT}/Target Support Files/Pods-PhenixMultiAngleOnDemand/Pods-PhenixMultiAngleOnDemand-frameworks.sh\"\n";
			showEnvVarsInLog = 0;
		};
		EA89B036601A5BF76C55EF91 /* [CP] Check Pods Manifest.lock */ = {
			isa = PBXShellScriptBuildPhase;
			buildActionMask = 2147483647;
			files = (
			);
			inputFileListPaths = (
			);
			inputPaths = (
				"${PODS_PODFILE_DIR_PATH}/Podfile.lock",
				"${PODS_ROOT}/Manifest.lock",
			);
			name = "[CP] Check Pods Manifest.lock";
			outputFileListPaths = (
			);
			outputPaths = (
				"$(DERIVED_FILE_DIR)/Pods-PhenixMultiAngleOnDemand-checkManifestLockResult.txt",
			);
			runOnlyForDeploymentPostprocessing = 0;
			shellPath = /bin/sh;
			shellScript = "diff \"${PODS_PODFILE_DIR_PATH}/Podfile.lock\" \"${PODS_ROOT}/Manifest.lock\" > /dev/null\nif [ $? != 0 ] ; then\n    # print error to STDERR\n    echo \"error: The sandbox is not in sync with the Podfile.lock. Run 'pod install' or update your CocoaPods installation.\" >&2\n    exit 1\nfi\n# This output is used by Xcode 'outputs' to avoid re-running this script phase.\necho \"SUCCESS\" > \"${SCRIPT_OUTPUT_FILE_0}\"\n";
			showEnvVarsInLog = 0;
		};
/* End PBXShellScriptBuildPhase section */

/* Begin PBXSourcesBuildPhase section */
		B591328624E3D58600A5B7D1 /* Sources */ = {
			isa = PBXSourcesBuildPhase;
			buildActionMask = 2147483647;
			files = (
				480F48692808133600DC6858 /* Act.swift in Sources */,
				480F4881280817DD00DC6858 /* StreamCollectionViewDataSource.swift in Sources */,
				480F487C280817DD00DC6858 /* StreamViewModel.swift in Sources */,
				480F4880280817DD00DC6858 /* StreamCollectionViewLayoutProvider.swift in Sources */,
				480F4884280817DD00DC6858 /* StreamCollectionView.swift in Sources */,
				B59132EF24E3F4A800A5B7D1 /* LaunchViewController.swift in Sources */,
				480F4885280817DD00DC6858 /* StreamCollectionViewController.swift in Sources */,
				B591328E24E3D58600A5B7D1 /* AppDelegate.swift in Sources */,
				480F4862280809EB00DC6858 /* AppSession.swift in Sources */,
				480F487D280817DD00DC6858 /* StreamViewDelegate.swift in Sources */,
				480F487E280817DD00DC6858 /* StreamCollectionViewModel.swift in Sources */,
				480F487F280817DD00DC6858 /* StreamCollectionViewCellViewModel.swift in Sources */,
				B59132EC24E3F46000A5B7D1 /* OSLog.swift in Sources */,
				480F4883280817DD00DC6858 /* StreamCollectionViewDelegate.swift in Sources */,
				480F487B280817DD00DC6858 /* StreamView.swift in Sources */,
				480F487A280817DD00DC6858 /* StreamViewController.swift in Sources */,
				480F4866280812EE00DC6858 /* UIViewController+TopViewController.swift in Sources */,
				B59132F124E3F4B800A5B7D1 /* Storyboarded.swift in Sources */,
				480F4882280817DD00DC6858 /* StreamCollectionViewCell.swift in Sources */,
				480F486428080A1200DC6858 /* Bootstrap.swift in Sources */,
			);
			runOnlyForDeploymentPostprocessing = 0;
		};
/* End PBXSourcesBuildPhase section */

/* Begin PBXVariantGroup section */
		B591329324E3D58600A5B7D1 /* Main.storyboard */ = {
			isa = PBXVariantGroup;
			children = (
				B591329424E3D58600A5B7D1 /* Base */,
			);
			name = Main.storyboard;
			sourceTree = "<group>";
		};
		B591329824E3D58800A5B7D1 /* LaunchScreen.storyboard */ = {
			isa = PBXVariantGroup;
			children = (
				B591329924E3D58800A5B7D1 /* Base */,
			);
			name = LaunchScreen.storyboard;
			sourceTree = "<group>";
		};
/* End PBXVariantGroup section */

/* Begin XCBuildConfiguration section */
		B591329C24E3D58800A5B7D1 /* Debug */ = {
			isa = XCBuildConfiguration;
			buildSettings = {
				ALWAYS_SEARCH_USER_PATHS = NO;
				CLANG_ANALYZER_NONNULL = YES;
				CLANG_ANALYZER_NUMBER_OBJECT_CONVERSION = YES_AGGRESSIVE;
				CLANG_CXX_LANGUAGE_STANDARD = "gnu++14";
				CLANG_CXX_LIBRARY = "libc++";
				CLANG_ENABLE_MODULES = YES;
				CLANG_ENABLE_OBJC_ARC = YES;
				CLANG_ENABLE_OBJC_WEAK = YES;
				CLANG_WARN_BLOCK_CAPTURE_AUTORELEASING = YES;
				CLANG_WARN_BOOL_CONVERSION = YES;
				CLANG_WARN_COMMA = YES;
				CLANG_WARN_CONSTANT_CONVERSION = YES;
				CLANG_WARN_DEPRECATED_OBJC_IMPLEMENTATIONS = YES;
				CLANG_WARN_DIRECT_OBJC_ISA_USAGE = YES_ERROR;
				CLANG_WARN_DOCUMENTATION_COMMENTS = YES;
				CLANG_WARN_EMPTY_BODY = YES;
				CLANG_WARN_ENUM_CONVERSION = YES;
				CLANG_WARN_INFINITE_RECURSION = YES;
				CLANG_WARN_INT_CONVERSION = YES;
				CLANG_WARN_NON_LITERAL_NULL_CONVERSION = YES;
				CLANG_WARN_OBJC_IMPLICIT_RETAIN_SELF = YES;
				CLANG_WARN_OBJC_LITERAL_CONVERSION = YES;
				CLANG_WARN_OBJC_ROOT_CLASS = YES_ERROR;
				CLANG_WARN_QUOTED_INCLUDE_IN_FRAMEWORK_HEADER = YES;
				CLANG_WARN_RANGE_LOOP_ANALYSIS = YES;
				CLANG_WARN_STRICT_PROTOTYPES = YES;
				CLANG_WARN_SUSPICIOUS_MOVE = YES;
				CLANG_WARN_UNGUARDED_AVAILABILITY = YES_AGGRESSIVE;
				CLANG_WARN_UNREACHABLE_CODE = YES;
				CLANG_WARN__DUPLICATE_METHOD_MATCH = YES;
				COPY_PHASE_STRIP = NO;
				DEBUG_INFORMATION_FORMAT = dwarf;
				ENABLE_STRICT_OBJC_MSGSEND = YES;
				ENABLE_TESTABILITY = YES;
				GCC_C_LANGUAGE_STANDARD = gnu11;
				GCC_DYNAMIC_NO_PIC = NO;
				GCC_NO_COMMON_BLOCKS = YES;
				GCC_OPTIMIZATION_LEVEL = 0;
				GCC_PREPROCESSOR_DEFINITIONS = (
					"DEBUG=1",
					"$(inherited)",
				);
				GCC_WARN_64_TO_32_BIT_CONVERSION = YES;
				GCC_WARN_ABOUT_RETURN_TYPE = YES_ERROR;
				GCC_WARN_UNDECLARED_SELECTOR = YES;
				GCC_WARN_UNINITIALIZED_AUTOS = YES_AGGRESSIVE;
				GCC_WARN_UNUSED_FUNCTION = YES;
				GCC_WARN_UNUSED_VARIABLE = YES;
				IPHONEOS_DEPLOYMENT_TARGET = 13.6;
				MTL_ENABLE_DEBUG_INFO = INCLUDE_SOURCE;
				MTL_FAST_MATH = YES;
				ONLY_ACTIVE_ARCH = YES;
				SDKROOT = iphoneos;
				SWIFT_ACTIVE_COMPILATION_CONDITIONS = DEBUG;
				SWIFT_OPTIMIZATION_LEVEL = "-Onone";
			};
			name = Debug;
		};
		B591329D24E3D58800A5B7D1 /* Release */ = {
			isa = XCBuildConfiguration;
			buildSettings = {
				ALWAYS_SEARCH_USER_PATHS = NO;
				CLANG_ANALYZER_NONNULL = YES;
				CLANG_ANALYZER_NUMBER_OBJECT_CONVERSION = YES_AGGRESSIVE;
				CLANG_CXX_LANGUAGE_STANDARD = "gnu++14";
				CLANG_CXX_LIBRARY = "libc++";
				CLANG_ENABLE_MODULES = YES;
				CLANG_ENABLE_OBJC_ARC = YES;
				CLANG_ENABLE_OBJC_WEAK = YES;
				CLANG_WARN_BLOCK_CAPTURE_AUTORELEASING = YES;
				CLANG_WARN_BOOL_CONVERSION = YES;
				CLANG_WARN_COMMA = YES;
				CLANG_WARN_CONSTANT_CONVERSION = YES;
				CLANG_WARN_DEPRECATED_OBJC_IMPLEMENTATIONS = YES;
				CLANG_WARN_DIRECT_OBJC_ISA_USAGE = YES_ERROR;
				CLANG_WARN_DOCUMENTATION_COMMENTS = YES;
				CLANG_WARN_EMPTY_BODY = YES;
				CLANG_WARN_ENUM_CONVERSION = YES;
				CLANG_WARN_INFINITE_RECURSION = YES;
				CLANG_WARN_INT_CONVERSION = YES;
				CLANG_WARN_NON_LITERAL_NULL_CONVERSION = YES;
				CLANG_WARN_OBJC_IMPLICIT_RETAIN_SELF = YES;
				CLANG_WARN_OBJC_LITERAL_CONVERSION = YES;
				CLANG_WARN_OBJC_ROOT_CLASS = YES_ERROR;
				CLANG_WARN_QUOTED_INCLUDE_IN_FRAMEWORK_HEADER = YES;
				CLANG_WARN_RANGE_LOOP_ANALYSIS = YES;
				CLANG_WARN_STRICT_PROTOTYPES = YES;
				CLANG_WARN_SUSPICIOUS_MOVE = YES;
				CLANG_WARN_UNGUARDED_AVAILABILITY = YES_AGGRESSIVE;
				CLANG_WARN_UNREACHABLE_CODE = YES;
				CLANG_WARN__DUPLICATE_METHOD_MATCH = YES;
				COPY_PHASE_STRIP = NO;
				DEBUG_INFORMATION_FORMAT = "dwarf-with-dsym";
				ENABLE_NS_ASSERTIONS = NO;
				ENABLE_STRICT_OBJC_MSGSEND = YES;
				GCC_C_LANGUAGE_STANDARD = gnu11;
				GCC_NO_COMMON_BLOCKS = YES;
				GCC_WARN_64_TO_32_BIT_CONVERSION = YES;
				GCC_WARN_ABOUT_RETURN_TYPE = YES_ERROR;
				GCC_WARN_UNDECLARED_SELECTOR = YES;
				GCC_WARN_UNINITIALIZED_AUTOS = YES_AGGRESSIVE;
				GCC_WARN_UNUSED_FUNCTION = YES;
				GCC_WARN_UNUSED_VARIABLE = YES;
				IPHONEOS_DEPLOYMENT_TARGET = 13.6;
				MTL_ENABLE_DEBUG_INFO = NO;
				MTL_FAST_MATH = YES;
				SDKROOT = iphoneos;
				SWIFT_COMPILATION_MODE = wholemodule;
				SWIFT_OPTIMIZATION_LEVEL = "-O";
				VALIDATE_PRODUCT = YES;
			};
			name = Release;
		};
		B591329F24E3D58800A5B7D1 /* Debug */ = {
			isa = XCBuildConfiguration;
			baseConfigurationReference = ED9C1AB36F2562B2243CF043 /* Pods-PhenixMultiAngleOnDemand.debug.xcconfig */;
			buildSettings = {
				ASSETCATALOG_COMPILER_APPICON_NAME = AppIcon;
				CODE_SIGN_ENTITLEMENTS = PhenixMultiAngleOnDemand/PhenixMultiAngleOnDemand.entitlements;
				CODE_SIGN_STYLE = Automatic;
				CURRENT_PROJECT_VERSION = 1;
				DEVELOPMENT_TEAM = LU4S6LX25U;
				INFOPLIST_FILE = PhenixMultiAngleOnDemand/Support/Info.plist;
				LD_RUNPATH_SEARCH_PATHS = (
					"$(inherited)",
					"@executable_path/Frameworks",
				);
				MARKETING_VERSION = 2022.0.4;
				PRODUCT_BUNDLE_IDENTIFIER = com.phenixrts.suite.multiangleondemand;
				PRODUCT_NAME = "Phenix MultiAngle";
				SWIFT_VERSION = 5.0;
				TARGETED_DEVICE_FAMILY = "1,2";
				VERSIONING_SYSTEM = "apple-generic";
			};
			name = Debug;
		};
		B59132A024E3D58800A5B7D1 /* Release */ = {
			isa = XCBuildConfiguration;
			baseConfigurationReference = BDDB7F36B1E46DA0BA284BB6 /* Pods-PhenixMultiAngleOnDemand.release.xcconfig */;
			buildSettings = {
				ASSETCATALOG_COMPILER_APPICON_NAME = AppIcon;
				CODE_SIGN_ENTITLEMENTS = PhenixMultiAngleOnDemand/PhenixMultiAngleOnDemand.entitlements;
				CODE_SIGN_STYLE = Automatic;
				CURRENT_PROJECT_VERSION = 1;
				DEVELOPMENT_TEAM = LU4S6LX25U;
				INFOPLIST_FILE = PhenixMultiAngleOnDemand/Support/Info.plist;
				LD_RUNPATH_SEARCH_PATHS = (
					"$(inherited)",
					"@executable_path/Frameworks",
				);
				MARKETING_VERSION = 2022.0.4;
				PRODUCT_BUNDLE_IDENTIFIER = com.phenixrts.suite.multiangleondemand;
				PRODUCT_NAME = "Phenix MultiAngle";
				SWIFT_VERSION = 5.0;
				TARGETED_DEVICE_FAMILY = "1,2";
				VERSIONING_SYSTEM = "apple-generic";
			};
			name = Release;
		};
/* End XCBuildConfiguration section */

/* Begin XCConfigurationList section */
		B591328524E3D58600A5B7D1 /* Build configuration list for PBXProject "PhenixMultiAngleOnDemand" */ = {
			isa = XCConfigurationList;
			buildConfigurations = (
				B591329C24E3D58800A5B7D1 /* Debug */,
				B591329D24E3D58800A5B7D1 /* Release */,
			);
			defaultConfigurationIsVisible = 0;
			defaultConfigurationName = Release;
		};
		B591329E24E3D58800A5B7D1 /* Build configuration list for PBXNativeTarget "PhenixMultiAngleOnDemand" */ = {
			isa = XCConfigurationList;
			buildConfigurations = (
				B591329F24E3D58800A5B7D1 /* Debug */,
				B59132A024E3D58800A5B7D1 /* Release */,
			);
			defaultConfigurationIsVisible = 0;
			defaultConfigurationName = Release;
		};
/* End XCConfigurationList section */
	};
	rootObject = B591328224E3D58600A5B7D1 /* Project object */;
}
